// !$*UTF8*$!
{
	archiveVersion = 1;
	classes = {
	};
	objectVersion = 55;
	objects = {

/* Begin PBXBuildFile section */
		D387FCD2C51803B15FC46BF6 /* Pods_Simulator_VK_GB_.framework in Frameworks */ = {isa = PBXBuildFile; fileRef = F4A414001DD687265B18D041 /* Pods_Simulator_VK_GB_.framework */; };
		D61824C02815FC680065AE8A /* NetworkServices.swift in Sources */ = {isa = PBXBuildFile; fileRef = D61824BF2815FC670065AE8A /* NetworkServices.swift */; };
		D6288C7D2819E31D0058370B /* Friends.swift in Sources */ = {isa = PBXBuildFile; fileRef = D6288C7C2819E31D0058370B /* Friends.swift */; };
		D6288C7F2819E4DF0058370B /* Groups.swift in Sources */ = {isa = PBXBuildFile; fileRef = D6288C7E2819E4DF0058370B /* Groups.swift */; };
		D6288C86281C7C990058370B /* StartViewController + Delegate.swift in Sources */ = {isa = PBXBuildFile; fileRef = D6288C85281C7C990058370B /* StartViewController + Delegate.swift */; };
		D656925928280FA900CFD730 /* CustomTableViewCell.swift in Sources */ = {isa = PBXBuildFile; fileRef = D656925728280FA900CFD730 /* CustomTableViewCell.swift */; };
		D656925A28280FA900CFD730 /* CustomTableViewCell.xib in Resources */ = {isa = PBXBuildFile; fileRef = D656925828280FA900CFD730 /* CustomTableViewCell.xib */; };
		D656925F28283C0200CFD730 /* FriendsViewController.swift in Sources */ = {isa = PBXBuildFile; fileRef = D656925E28283C0200CFD730 /* FriendsViewController.swift */; };
		D65692612828442100CFD730 /* FriendsViewController + TableViewDataSource.swift in Sources */ = {isa = PBXBuildFile; fileRef = D65692602828442100CFD730 /* FriendsViewController + TableViewDataSource.swift */; };
		D65692632828443400CFD730 /* FriendsViewController + TableViewDelegate.swift in Sources */ = {isa = PBXBuildFile; fileRef = D65692622828443400CFD730 /* FriendsViewController + TableViewDelegate.swift */; };
		D656926828284CD200CFD730 /* FriendsViewController + FillData.swift in Sources */ = {isa = PBXBuildFile; fileRef = D65692642828482700CFD730 /* FriendsViewController + FillData.swift */; };
		D6904A14282451C80041B3A7 /* Session.swift in Sources */ = {isa = PBXBuildFile; fileRef = D6904A13282451C80041B3A7 /* Session.swift */; };
		D6904A16282451CC0041B3A7 /* RealmServices.swift in Sources */ = {isa = PBXBuildFile; fileRef = D6904A15282451CC0041B3A7 /* RealmServices.swift */; };
		D69A2D962815E7A5008717DA /* AppDelegate.swift in Sources */ = {isa = PBXBuildFile; fileRef = D69A2D952815E7A5008717DA /* AppDelegate.swift */; };
		D69A2D982815E7A5008717DA /* SceneDelegate.swift in Sources */ = {isa = PBXBuildFile; fileRef = D69A2D972815E7A5008717DA /* SceneDelegate.swift */; };
		D69A2D9A2815E7A5008717DA /* StartViewController.swift in Sources */ = {isa = PBXBuildFile; fileRef = D69A2D992815E7A5008717DA /* StartViewController.swift */; };
		D69A2D9D2815E7A5008717DA /* Main.storyboard in Resources */ = {isa = PBXBuildFile; fileRef = D69A2D9B2815E7A5008717DA /* Main.storyboard */; };
		D69A2D9F2815E7A6008717DA /* Assets.xcassets in Resources */ = {isa = PBXBuildFile; fileRef = D69A2D9E2815E7A6008717DA /* Assets.xcassets */; };
		D69A2DA22815E7A6008717DA /* LaunchScreen.storyboard in Resources */ = {isa = PBXBuildFile; fileRef = D69A2DA02815E7A6008717DA /* LaunchScreen.storyboard */; };
/* End PBXBuildFile section */

/* Begin PBXFileReference section */
		48C2E2C4580F26A40E2D7C92 /* Pods-Simulator_VK_GB_.release.xcconfig */ = {isa = PBXFileReference; includeInIndex = 1; lastKnownFileType = text.xcconfig; name = "Pods-Simulator_VK_GB_.release.xcconfig"; path = "Target Support Files/Pods-Simulator_VK_GB_/Pods-Simulator_VK_GB_.release.xcconfig"; sourceTree = "<group>"; };
		D3575F51F4FA836638CA5117 /* Pods-Simulator_VK_GB_.debug.xcconfig */ = {isa = PBXFileReference; includeInIndex = 1; lastKnownFileType = text.xcconfig; name = "Pods-Simulator_VK_GB_.debug.xcconfig"; path = "Target Support Files/Pods-Simulator_VK_GB_/Pods-Simulator_VK_GB_.debug.xcconfig"; sourceTree = "<group>"; };
		D61824BF2815FC670065AE8A /* NetworkServices.swift */ = {isa = PBXFileReference; lastKnownFileType = sourcecode.swift; path = NetworkServices.swift; sourceTree = "<group>"; };
		D6288C7C2819E31D0058370B /* Friends.swift */ = {isa = PBXFileReference; lastKnownFileType = sourcecode.swift; path = Friends.swift; sourceTree = "<group>"; };
		D6288C7E2819E4DF0058370B /* Groups.swift */ = {isa = PBXFileReference; lastKnownFileType = sourcecode.swift; path = Groups.swift; sourceTree = "<group>"; };
		D6288C85281C7C990058370B /* StartViewController + Delegate.swift */ = {isa = PBXFileReference; lastKnownFileType = sourcecode.swift; path = "StartViewController + Delegate.swift"; sourceTree = "<group>"; };
		D656925728280FA900CFD730 /* CustomTableViewCell.swift */ = {isa = PBXFileReference; fileEncoding = 4; lastKnownFileType = sourcecode.swift; path = CustomTableViewCell.swift; sourceTree = "<group>"; };
		D656925828280FA900CFD730 /* CustomTableViewCell.xib */ = {isa = PBXFileReference; fileEncoding = 4; lastKnownFileType = file.xib; path = CustomTableViewCell.xib; sourceTree = "<group>"; };
		D656925E28283C0200CFD730 /* FriendsViewController.swift */ = {isa = PBXFileReference; lastKnownFileType = sourcecode.swift; path = FriendsViewController.swift; sourceTree = "<group>"; };
		D65692602828442100CFD730 /* FriendsViewController + TableViewDataSource.swift */ = {isa = PBXFileReference; lastKnownFileType = sourcecode.swift; path = "FriendsViewController + TableViewDataSource.swift"; sourceTree = "<group>"; };
		D65692622828443400CFD730 /* FriendsViewController + TableViewDelegate.swift */ = {isa = PBXFileReference; lastKnownFileType = sourcecode.swift; path = "FriendsViewController + TableViewDelegate.swift"; sourceTree = "<group>"; };
		D65692642828482700CFD730 /* FriendsViewController + FillData.swift */ = {isa = PBXFileReference; lastKnownFileType = sourcecode.swift; path = "FriendsViewController + FillData.swift"; sourceTree = "<group>"; };
		D6904A13282451C80041B3A7 /* Session.swift */ = {isa = PBXFileReference; lastKnownFileType = sourcecode.swift; name = Session.swift; path = /Users/egorefimenko/Documents/GitHub/Simulator_VK_GB_/Simulator_VK_GB_/Models/Session.swift; sourceTree = "<absolute>"; };
		D6904A15282451CC0041B3A7 /* RealmServices.swift */ = {isa = PBXFileReference; lastKnownFileType = sourcecode.swift; name = RealmServices.swift; path = /Users/egorefimenko/Documents/GitHub/Simulator_VK_GB_/Simulator_VK_GB_/API/RealmServices.swift; sourceTree = "<absolute>"; };
		D69A2D922815E7A5008717DA /* Simulator_VK_GB_.app */ = {isa = PBXFileReference; explicitFileType = wrapper.application; includeInIndex = 0; path = Simulator_VK_GB_.app; sourceTree = BUILT_PRODUCTS_DIR; };
		D69A2D952815E7A5008717DA /* AppDelegate.swift */ = {isa = PBXFileReference; lastKnownFileType = sourcecode.swift; path = AppDelegate.swift; sourceTree = "<group>"; };
		D69A2D972815E7A5008717DA /* SceneDelegate.swift */ = {isa = PBXFileReference; lastKnownFileType = sourcecode.swift; path = SceneDelegate.swift; sourceTree = "<group>"; };
		D69A2D992815E7A5008717DA /* StartViewController.swift */ = {isa = PBXFileReference; lastKnownFileType = sourcecode.swift; path = StartViewController.swift; sourceTree = "<group>"; };
		D69A2D9C2815E7A5008717DA /* Base */ = {isa = PBXFileReference; lastKnownFileType = file.storyboard; name = Base; path = Base.lproj/Main.storyboard; sourceTree = "<group>"; };
		D69A2D9E2815E7A6008717DA /* Assets.xcassets */ = {isa = PBXFileReference; lastKnownFileType = folder.assetcatalog; path = Assets.xcassets; sourceTree = "<group>"; };
		D69A2DA12815E7A6008717DA /* Base */ = {isa = PBXFileReference; lastKnownFileType = file.storyboard; name = Base; path = Base.lproj/LaunchScreen.storyboard; sourceTree = "<group>"; };
		D69A2DA32815E7A6008717DA /* Info.plist */ = {isa = PBXFileReference; lastKnownFileType = text.plist.xml; path = Info.plist; sourceTree = "<group>"; };
		F4A414001DD687265B18D041 /* Pods_Simulator_VK_GB_.framework */ = {isa = PBXFileReference; explicitFileType = wrapper.framework; includeInIndex = 0; path = Pods_Simulator_VK_GB_.framework; sourceTree = BUILT_PRODUCTS_DIR; };
/* End PBXFileReference section */

/* Begin PBXFrameworksBuildPhase section */
		D69A2D8F2815E7A5008717DA /* Frameworks */ = {
			isa = PBXFrameworksBuildPhase;
			buildActionMask = 2147483647;
			files = (
				D387FCD2C51803B15FC46BF6 /* Pods_Simulator_VK_GB_.framework in Frameworks */,
			);
			runOnlyForDeploymentPostprocessing = 0;
		};
/* End PBXFrameworksBuildPhase section */

/* Begin PBXGroup section */
		8D82531CAC6D8A9D998D2DD0 /* Frameworks */ = {
			isa = PBXGroup;
			children = (
				F4A414001DD687265B18D041 /* Pods_Simulator_VK_GB_.framework */,
			);
			name = Frameworks;
			sourceTree = "<group>";
		};
		A2440D31B26405E7E20A1756 /* Pods */ = {
			isa = PBXGroup;
			children = (
				D3575F51F4FA836638CA5117 /* Pods-Simulator_VK_GB_.debug.xcconfig */,
				48C2E2C4580F26A40E2D7C92 /* Pods-Simulator_VK_GB_.release.xcconfig */,
			);
			path = Pods;
			sourceTree = "<group>";
		};
		D61824C32815FE030065AE8A /* API */ = {
			isa = PBXGroup;
			children = (
				D61824BF2815FC670065AE8A /* NetworkServices.swift */,
				D6904A15282451CC0041B3A7 /* RealmServices.swift */,
			);
			path = API;
			sourceTree = "<group>";
		};
		D6288C7B2819E2FA0058370B /* Models */ = {
			isa = PBXGroup;
			children = (
				D6288C7C2819E31D0058370B /* Friends.swift */,
				D6904A13282451C80041B3A7 /* Session.swift */,
				D6288C7E2819E4DF0058370B /* Groups.swift */,
			);
			path = Models;
			sourceTree = "<group>";
		};
		D6288C82281C7BA60058370B /* StartViewController */ = {
			isa = PBXGroup;
			children = (
				D69A2D992815E7A5008717DA /* StartViewController.swift */,
				D6288C85281C7C990058370B /* StartViewController + Delegate.swift */,
			);
			path = StartViewController;
			sourceTree = "<group>";
		};
		D656925B28280FB300CFD730 /* CustomTVC */ = {
			isa = PBXGroup;
			children = (
				D656925728280FA900CFD730 /* CustomTableViewCell.swift */,
				D656925828280FA900CFD730 /* CustomTableViewCell.xib */,
			);
			path = CustomTVC;
			sourceTree = "<group>";
		};
		D65692662828482C00CFD730 /* FriendsViewController */ = {
			isa = PBXGroup;
			children = (
				D656925E28283C0200CFD730 /* FriendsViewController.swift */,
				D65692622828443400CFD730 /* FriendsViewController + TableViewDelegate.swift */,
				D65692602828442100CFD730 /* FriendsViewController + TableViewDataSource.swift */,
				D65692642828482700CFD730 /* FriendsViewController + FillData.swift */,
			);
			path = FriendsViewController;
			sourceTree = "<group>";
		};
		D656926728284B5100CFD730 /* ViewControllers */ = {
			isa = PBXGroup;
			children = (
				D656925B28280FB300CFD730 /* CustomTVC */,
				D65692662828482C00CFD730 /* FriendsViewController */,
				D6288C82281C7BA60058370B /* StartViewController */,
			);
			path = ViewControllers;
			sourceTree = "<group>";
		};
		D69A2D892815E7A5008717DA = {
			isa = PBXGroup;
			children = (
				D69A2D942815E7A5008717DA /* Simulator_VK_GB_ */,
				D69A2D932815E7A5008717DA /* Products */,
				A2440D31B26405E7E20A1756 /* Pods */,
				8D82531CAC6D8A9D998D2DD0 /* Frameworks */,
			);
			sourceTree = "<group>";
		};
		D69A2D932815E7A5008717DA /* Products */ = {
			isa = PBXGroup;
			children = (
				D69A2D922815E7A5008717DA /* Simulator_VK_GB_.app */,
			);
			name = Products;
			sourceTree = "<group>";
		};
		D69A2D942815E7A5008717DA /* Simulator_VK_GB_ */ = {
			isa = PBXGroup;
			children = (
				D6288C7B2819E2FA0058370B /* Models */,
				D61824C32815FE030065AE8A /* API */,
				D69A2D952815E7A5008717DA /* AppDelegate.swift */,
				D69A2D972815E7A5008717DA /* SceneDelegate.swift */,
				D656926728284B5100CFD730 /* ViewControllers */,
				D69A2D9B2815E7A5008717DA /* Main.storyboard */,
				D69A2D9E2815E7A6008717DA /* Assets.xcassets */,
				D69A2DA02815E7A6008717DA /* LaunchScreen.storyboard */,
				D69A2DA32815E7A6008717DA /* Info.plist */,
			);
			path = Simulator_VK_GB_;
			sourceTree = "<group>";
		};
/* End PBXGroup section */

/* Begin PBXNativeTarget section */
		D69A2D912815E7A5008717DA /* Simulator_VK_GB_ */ = {
			isa = PBXNativeTarget;
			buildConfigurationList = D69A2DA62815E7A6008717DA /* Build configuration list for PBXNativeTarget "Simulator_VK_GB_" */;
			buildPhases = (
				376DA73740F281C960620553 /* [CP] Check Pods Manifest.lock */,
				D69A2D8E2815E7A5008717DA /* Sources */,
				D69A2D8F2815E7A5008717DA /* Frameworks */,
				D69A2D902815E7A5008717DA /* Resources */,
				9B3B83CD8CCE3EBE846E0952 /* [CP] Embed Pods Frameworks */,
			);
			buildRules = (
			);
			dependencies = (
			);
			name = Simulator_VK_GB_;
			productName = Simulator_VK_GB_;
			productReference = D69A2D922815E7A5008717DA /* Simulator_VK_GB_.app */;
			productType = "com.apple.product-type.application";
		};
/* End PBXNativeTarget section */

/* Begin PBXProject section */
		D69A2D8A2815E7A5008717DA /* Project object */ = {
			isa = PBXProject;
			attributes = {
				BuildIndependentTargetsInParallel = 1;
				LastSwiftUpdateCheck = 1330;
				LastUpgradeCheck = 1330;
				TargetAttributes = {
					D69A2D912815E7A5008717DA = {
						CreatedOnToolsVersion = 13.3.1;
					};
				};
			};
			buildConfigurationList = D69A2D8D2815E7A5008717DA /* Build configuration list for PBXProject "Simulator_VK_GB_" */;
			compatibilityVersion = "Xcode 13.0";
			developmentRegion = en;
			hasScannedForEncodings = 0;
			knownRegions = (
				en,
				Base,
			);
			mainGroup = D69A2D892815E7A5008717DA;
			productRefGroup = D69A2D932815E7A5008717DA /* Products */;
			projectDirPath = "";
			projectRoot = "";
			targets = (
				D69A2D912815E7A5008717DA /* Simulator_VK_GB_ */,
			);
		};
/* End PBXProject section */

/* Begin PBXResourcesBuildPhase section */
		D69A2D902815E7A5008717DA /* Resources */ = {
			isa = PBXResourcesBuildPhase;
			buildActionMask = 2147483647;
			files = (
				D69A2DA22815E7A6008717DA /* LaunchScreen.storyboard in Resources */,
				D69A2D9F2815E7A6008717DA /* Assets.xcassets in Resources */,
				D656925A28280FA900CFD730 /* CustomTableViewCell.xib in Resources */,
				D69A2D9D2815E7A5008717DA /* Main.storyboard in Resources */,
			);
			runOnlyForDeploymentPostprocessing = 0;
		};
/* End PBXResourcesBuildPhase section */

/* Begin PBXShellScriptBuildPhase section */
		376DA73740F281C960620553 /* [CP] Check Pods Manifest.lock */ = {
			isa = PBXShellScriptBuildPhase;
			buildActionMask = 2147483647;
			files = (
			);
			inputFileListPaths = (
			);
			inputPaths = (
				"${PODS_PODFILE_DIR_PATH}/Podfile.lock",
				"${PODS_ROOT}/Manifest.lock",
			);
			name = "[CP] Check Pods Manifest.lock";
			outputFileListPaths = (
			);
			outputPaths = (
				"$(DERIVED_FILE_DIR)/Pods-Simulator_VK_GB_-checkManifestLockResult.txt",
			);
			runOnlyForDeploymentPostprocessing = 0;
			shellPath = /bin/sh;
			shellScript = "diff \"${PODS_PODFILE_DIR_PATH}/Podfile.lock\" \"${PODS_ROOT}/Manifest.lock\" > /dev/null\nif [ $? != 0 ] ; then\n    # print error to STDERR\n    echo \"error: The sandbox is not in sync with the Podfile.lock. Run 'pod install' or update your CocoaPods installation.\" >&2\n    exit 1\nfi\n# This output is used by Xcode 'outputs' to avoid re-running this script phase.\necho \"SUCCESS\" > \"${SCRIPT_OUTPUT_FILE_0}\"\n";
			showEnvVarsInLog = 0;
		};
		9B3B83CD8CCE3EBE846E0952 /* [CP] Embed Pods Frameworks */ = {
			isa = PBXShellScriptBuildPhase;
			buildActionMask = 2147483647;
			files = (
			);
			inputFileListPaths = (
				"${PODS_ROOT}/Target Support Files/Pods-Simulator_VK_GB_/Pods-Simulator_VK_GB_-frameworks-${CONFIGURATION}-input-files.xcfilelist",
			);
			name = "[CP] Embed Pods Frameworks";
			outputFileListPaths = (
				"${PODS_ROOT}/Target Support Files/Pods-Simulator_VK_GB_/Pods-Simulator_VK_GB_-frameworks-${CONFIGURATION}-output-files.xcfilelist",
			);
			runOnlyForDeploymentPostprocessing = 0;
			shellPath = /bin/sh;
			shellScript = "\"${PODS_ROOT}/Target Support Files/Pods-Simulator_VK_GB_/Pods-Simulator_VK_GB_-frameworks.sh\"\n";
			showEnvVarsInLog = 0;
		};
/* End PBXShellScriptBuildPhase section */

/* Begin PBXSourcesBuildPhase section */
		D69A2D8E2815E7A5008717DA /* Sources */ = {
			isa = PBXSourcesBuildPhase;
			buildActionMask = 2147483647;
			files = (
				D6288C86281C7C990058370B /* StartViewController + Delegate.swift in Sources */,
				D656926828284CD200CFD730 /* FriendsViewController + FillData.swift in Sources */,
				D6904A16282451CC0041B3A7 /* RealmServices.swift in Sources */,
				D656925928280FA900CFD730 /* CustomTableViewCell.swift in Sources */,
				D6288C7D2819E31D0058370B /* Friends.swift in Sources */,
				D656925F28283C0200CFD730 /* FriendsViewController.swift in Sources */,
				D65692632828443400CFD730 /* FriendsViewController + TableViewDelegate.swift in Sources */,
				D69A2D9A2815E7A5008717DA /* StartViewController.swift in Sources */,
				D69A2D962815E7A5008717DA /* AppDelegate.swift in Sources */,
				D61824C02815FC680065AE8A /* NetworkServices.swift in Sources */,
				D65692612828442100CFD730 /* FriendsViewController + TableViewDataSource.swift in Sources */,
				D69A2D982815E7A5008717DA /* SceneDelegate.swift in Sources */,
				D6288C7F2819E4DF0058370B /* Groups.swift in Sources */,
				D6904A14282451C80041B3A7 /* Session.swift in Sources */,
			);
			runOnlyForDeploymentPostprocessing = 0;
		};
/* End PBXSourcesBuildPhase section */

/* Begin PBXVariantGroup section */
		D69A2D9B2815E7A5008717DA /* Main.storyboard */ = {
			isa = PBXVariantGroup;
			children = (
				D69A2D9C2815E7A5008717DA /* Base */,
			);
			name = Main.storyboard;
			sourceTree = "<group>";
		};
		D69A2DA02815E7A6008717DA /* LaunchScreen.storyboard */ = {
			isa = PBXVariantGroup;
			children = (
				D69A2DA12815E7A6008717DA /* Base */,
			);
			name = LaunchScreen.storyboard;
			sourceTree = "<group>";
		};
/* End PBXVariantGroup section */

/* Begin XCBuildConfiguration section */
		D69A2DA42815E7A6008717DA /* Debug */ = {
			isa = XCBuildConfiguration;
			buildSettings = {
				ALWAYS_SEARCH_USER_PATHS = NO;
				CLANG_ANALYZER_NONNULL = YES;
				CLANG_ANALYZER_NUMBER_OBJECT_CONVERSION = YES_AGGRESSIVE;
				CLANG_CXX_LANGUAGE_STANDARD = "gnu++17";
				CLANG_ENABLE_MODULES = YES;
				CLANG_ENABLE_OBJC_ARC = YES;
				CLANG_ENABLE_OBJC_WEAK = YES;
				CLANG_WARN_BLOCK_CAPTURE_AUTORELEASING = YES;
				CLANG_WARN_BOOL_CONVERSION = YES;
				CLANG_WARN_COMMA = YES;
				CLANG_WARN_CONSTANT_CONVERSION = YES;
				CLANG_WARN_DEPRECATED_OBJC_IMPLEMENTATIONS = YES;
				CLANG_WARN_DIRECT_OBJC_ISA_USAGE = YES_ERROR;
				CLANG_WARN_DOCUMENTATION_COMMENTS = YES;
				CLANG_WARN_EMPTY_BODY = YES;
				CLANG_WARN_ENUM_CONVERSION = YES;
				CLANG_WARN_INFINITE_RECURSION = YES;
				CLANG_WARN_INT_CONVERSION = YES;
				CLANG_WARN_NON_LITERAL_NULL_CONVERSION = YES;
				CLANG_WARN_OBJC_IMPLICIT_RETAIN_SELF = YES;
				CLANG_WARN_OBJC_LITERAL_CONVERSION = YES;
				CLANG_WARN_OBJC_ROOT_CLASS = YES_ERROR;
				CLANG_WARN_QUOTED_INCLUDE_IN_FRAMEWORK_HEADER = YES;
				CLANG_WARN_RANGE_LOOP_ANALYSIS = YES;
				CLANG_WARN_STRICT_PROTOTYPES = YES;
				CLANG_WARN_SUSPICIOUS_MOVE = YES;
				CLANG_WARN_UNGUARDED_AVAILABILITY = YES_AGGRESSIVE;
				CLANG_WARN_UNREACHABLE_CODE = YES;
				CLANG_WARN__DUPLICATE_METHOD_MATCH = YES;
				COPY_PHASE_STRIP = NO;
				DEBUG_INFORMATION_FORMAT = dwarf;
				ENABLE_STRICT_OBJC_MSGSEND = YES;
				ENABLE_TESTABILITY = YES;
				GCC_C_LANGUAGE_STANDARD = gnu11;
				GCC_DYNAMIC_NO_PIC = NO;
				GCC_NO_COMMON_BLOCKS = YES;
				GCC_OPTIMIZATION_LEVEL = 0;
				GCC_PREPROCESSOR_DEFINITIONS = (
					"DEBUG=1",
					"$(inherited)",
				);
				GCC_WARN_64_TO_32_BIT_CONVERSION = YES;
				GCC_WARN_ABOUT_RETURN_TYPE = YES_ERROR;
				GCC_WARN_UNDECLARED_SELECTOR = YES;
				GCC_WARN_UNINITIALIZED_AUTOS = YES_AGGRESSIVE;
				GCC_WARN_UNUSED_FUNCTION = YES;
				GCC_WARN_UNUSED_VARIABLE = YES;
				IPHONEOS_DEPLOYMENT_TARGET = 15.4;
				MTL_ENABLE_DEBUG_INFO = INCLUDE_SOURCE;
				MTL_FAST_MATH = YES;
				ONLY_ACTIVE_ARCH = YES;
				SDKROOT = iphoneos;
				SWIFT_ACTIVE_COMPILATION_CONDITIONS = DEBUG;
				SWIFT_OPTIMIZATION_LEVEL = "-Onone";
			};
			name = Debug;
		};
		D69A2DA52815E7A6008717DA /* Release */ = {
			isa = XCBuildConfiguration;
			buildSettings = {
				ALWAYS_SEARCH_USER_PATHS = NO;
				CLANG_ANALYZER_NONNULL = YES;
				CLANG_ANALYZER_NUMBER_OBJECT_CONVERSION = YES_AGGRESSIVE;
				CLANG_CXX_LANGUAGE_STANDARD = "gnu++17";
				CLANG_ENABLE_MODULES = YES;
				CLANG_ENABLE_OBJC_ARC = YES;
				CLANG_ENABLE_OBJC_WEAK = YES;
				CLANG_WARN_BLOCK_CAPTURE_AUTORELEASING = YES;
				CLANG_WARN_BOOL_CONVERSION = YES;
				CLANG_WARN_COMMA = YES;
				CLANG_WARN_CONSTANT_CONVERSION = YES;
				CLANG_WARN_DEPRECATED_OBJC_IMPLEMENTATIONS = YES;
				CLANG_WARN_DIRECT_OBJC_ISA_USAGE = YES_ERROR;
				CLANG_WARN_DOCUMENTATION_COMMENTS = YES;
				CLANG_WARN_EMPTY_BODY = YES;
				CLANG_WARN_ENUM_CONVERSION = YES;
				CLANG_WARN_INFINITE_RECURSION = YES;
				CLANG_WARN_INT_CONVERSION = YES;
				CLANG_WARN_NON_LITERAL_NULL_CONVERSION = YES;
				CLANG_WARN_OBJC_IMPLICIT_RETAIN_SELF = YES;
				CLANG_WARN_OBJC_LITERAL_CONVERSION = YES;
				CLANG_WARN_OBJC_ROOT_CLASS = YES_ERROR;
				CLANG_WARN_QUOTED_INCLUDE_IN_FRAMEWORK_HEADER = YES;
				CLANG_WARN_RANGE_LOOP_ANALYSIS = YES;
				CLANG_WARN_STRICT_PROTOTYPES = YES;
				CLANG_WARN_SUSPICIOUS_MOVE = YES;
				CLANG_WARN_UNGUARDED_AVAILABILITY = YES_AGGRESSIVE;
				CLANG_WARN_UNREACHABLE_CODE = YES;
				CLANG_WARN__DUPLICATE_METHOD_MATCH = YES;
				COPY_PHASE_STRIP = NO;
				DEBUG_INFORMATION_FORMAT = "dwarf-with-dsym";
				ENABLE_NS_ASSERTIONS = NO;
				ENABLE_STRICT_OBJC_MSGSEND = YES;
				GCC_C_LANGUAGE_STANDARD = gnu11;
				GCC_NO_COMMON_BLOCKS = YES;
				GCC_WARN_64_TO_32_BIT_CONVERSION = YES;
				GCC_WARN_ABOUT_RETURN_TYPE = YES_ERROR;
				GCC_WARN_UNDECLARED_SELECTOR = YES;
				GCC_WARN_UNINITIALIZED_AUTOS = YES_AGGRESSIVE;
				GCC_WARN_UNUSED_FUNCTION = YES;
				GCC_WARN_UNUSED_VARIABLE = YES;
				IPHONEOS_DEPLOYMENT_TARGET = 15.4;
				MTL_ENABLE_DEBUG_INFO = NO;
				MTL_FAST_MATH = YES;
				SDKROOT = iphoneos;
				SWIFT_COMPILATION_MODE = wholemodule;
				SWIFT_OPTIMIZATION_LEVEL = "-O";
				VALIDATE_PRODUCT = YES;
			};
			name = Release;
		};
		D69A2DA72815E7A6008717DA /* Debug */ = {
			isa = XCBuildConfiguration;
			baseConfigurationReference = D3575F51F4FA836638CA5117 /* Pods-Simulator_VK_GB_.debug.xcconfig */;
			buildSettings = {
				ASSETCATALOG_COMPILER_APPICON_NAME = AppIcon;
				ASSETCATALOG_COMPILER_GLOBAL_ACCENT_COLOR_NAME = AccentColor;
				CODE_SIGN_STYLE = Automatic;
				CURRENT_PROJECT_VERSION = 1;
				DEVELOPMENT_TEAM = 9WNDNZ7Q4T;
				GENERATE_INFOPLIST_FILE = YES;
				INFOPLIST_FILE = Simulator_VK_GB_/Info.plist;
				INFOPLIST_KEY_UIApplicationSupportsIndirectInputEvents = YES;
				INFOPLIST_KEY_UILaunchStoryboardName = LaunchScreen;
				INFOPLIST_KEY_UIMainStoryboardFile = Main;
				INFOPLIST_KEY_UISupportedInterfaceOrientations_iPad = "UIInterfaceOrientationPortrait UIInterfaceOrientationPortraitUpsideDown UIInterfaceOrientationLandscapeLeft UIInterfaceOrientationLandscapeRight";
				INFOPLIST_KEY_UISupportedInterfaceOrientations_iPhone = "UIInterfaceOrientationPortrait UIInterfaceOrientationLandscapeLeft UIInterfaceOrientationLandscapeRight";
				LD_RUNPATH_SEARCH_PATHS = (
					"$(inherited)",
					"@executable_path/Frameworks",
				);
				MARKETING_VERSION = 1.0;
				PRODUCT_BUNDLE_IDENTIFIER = "EEA.Simulator-VK-GB-";
				PRODUCT_NAME = "$(TARGET_NAME)";
				SWIFT_EMIT_LOC_STRINGS = YES;
				SWIFT_VERSION = 5.0;
				TARGETED_DEVICE_FAMILY = "1,2";
			};
			name = Debug;
		};
		D69A2DA82815E7A6008717DA /* Release */ = {
			isa = XCBuildConfiguration;
			baseConfigurationReference = 48C2E2C4580F26A40E2D7C92 /* Pods-Simulator_VK_GB_.release.xcconfig */;
			buildSettings = {
				ASSETCATALOG_COMPILER_APPICON_NAME = AppIcon;
				ASSETCATALOG_COMPILER_GLOBAL_ACCENT_COLOR_NAME = AccentColor;
				CODE_SIGN_STYLE = Automatic;
				CURRENT_PROJECT_VERSION = 1;
				DEVELOPMENT_TEAM = 9WNDNZ7Q4T;
				GENERATE_INFOPLIST_FILE = YES;
				INFOPLIST_FILE = Simulator_VK_GB_/Info.plist;
				INFOPLIST_KEY_UIApplicationSupportsIndirectInputEvents = YES;
				INFOPLIST_KEY_UILaunchStoryboardName = LaunchScreen;
				INFOPLIST_KEY_UIMainStoryboardFile = Main;
				INFOPLIST_KEY_UISupportedInterfaceOrientations_iPad = "UIInterfaceOrientationPortrait UIInterfaceOrientationPortraitUpsideDown UIInterfaceOrientationLandscapeLeft UIInterfaceOrientationLandscapeRight";
				INFOPLIST_KEY_UISupportedInterfaceOrientations_iPhone = "UIInterfaceOrientationPortrait UIInterfaceOrientationLandscapeLeft UIInterfaceOrientationLandscapeRight";
				LD_RUNPATH_SEARCH_PATHS = (
					"$(inherited)",
					"@executable_path/Frameworks",
				);
				MARKETING_VERSION = 1.0;
				PRODUCT_BUNDLE_IDENTIFIER = "EEA.Simulator-VK-GB-";
				PRODUCT_NAME = "$(TARGET_NAME)";
				SWIFT_EMIT_LOC_STRINGS = YES;
				SWIFT_VERSION = 5.0;
				TARGETED_DEVICE_FAMILY = "1,2";
			};
			name = Release;
		};
/* End XCBuildConfiguration section */

/* Begin XCConfigurationList section */
		D69A2D8D2815E7A5008717DA /* Build configuration list for PBXProject "Simulator_VK_GB_" */ = {
			isa = XCConfigurationList;
			buildConfigurations = (
				D69A2DA42815E7A6008717DA /* Debug */,
				D69A2DA52815E7A6008717DA /* Release */,
			);
			defaultConfigurationIsVisible = 0;
			defaultConfigurationName = Release;
		};
		D69A2DA62815E7A6008717DA /* Build configuration list for PBXNativeTarget "Simulator_VK_GB_" */ = {
			isa = XCConfigurationList;
			buildConfigurations = (
				D69A2DA72815E7A6008717DA /* Debug */,
				D69A2DA82815E7A6008717DA /* Release */,
			);
			defaultConfigurationIsVisible = 0;
			defaultConfigurationName = Release;
		};
/* End XCConfigurationList section */
	};
	rootObject = D69A2D8A2815E7A5008717DA /* Project object */;
}
